langcode: en
status: true
dependencies:
  module:
    - localgov
    - system
  theme:
    - localgov_theme_bhcc
id: localgov_theme_bhcc_localgov_home_welcome_block
theme: localgov_theme_bhcc
region: content_top
weight: 0
provider: null
plugin: localgov_home_welcome_block
settings:
  id: localgov_theme_bhcc_localgov_home_welcome_block
  label: 'Home welcome block'
  provider: null
  label_display: '0'
visibility:
  request_path:
    id: request_path
    pages: '<front>'
    negate: false
    context_mapping: {  }
